
Microsoft Visual Studio Solution File, Format Version 12.00
# Visual Studio Version 17
VisualStudioVersion = 17.6.33723.286
MinimumVisualStudioVersion = 10.0.40219.1
Project("{9A19103F-16F7-4668-BE54-9A1E7A4F7556}") = "PE_BEST_PRACTICE", "PE_BEST_PRACTICE\PE_BEST_PRACTICE.csproj", "{A9FFE2F2-F457-49FD-9F03-54646B3F6662}"
EndProject
Project("{9A19103F-16F7-4668-BE54-9A1E7A4F7556}") = "Client", "Client\Client.csproj", "{6D0DDE98-5864-47C9-8AA2-EE8AF1040AFC}"
EndProject
Global
	GlobalSection(SolutionConfigurationPlatforms) = preSolution
		Debug|Any CPU = Debug|Any CPU
		Release|Any CPU = Release|Any CPU
	EndGlobalSection
	GlobalSection(ProjectConfigurationPlatforms) = postSolution
		{A9FFE2F2-F457-49FD-9F03-54646B3F6662}.Debug|Any CPU.ActiveCfg = Debug|Any CPU
		{A9FFE2F2-F457-49FD-9F03-54646B3F6662}.Debug|Any CPU.Build.0 = Debug|Any CPU
		{A9FFE2F2-F457-49FD-9F03-54646B3F6662}.Release|Any CPU.ActiveCfg = Release|Any CPU
		{A9FFE2F2-F457-49FD-9F03-54646B3F6662}.Release|Any CPU.Build.0 = Release|Any CPU
		{6D0DDE98-5864-47C9-8AA2-EE8AF1040AFC}.Debug|Any CPU.ActiveCfg = Debug|Any CPU
		{6D0DDE98-5864-47C9-8AA2-EE8AF1040AFC}.Debug|Any CPU.Build.0 = Debug|Any CPU
		{6D0DDE98-5864-47C9-8AA2-EE8AF1040AFC}.Release|Any CPU.ActiveCfg = Release|Any CPU
		{6D0DDE98-5864-47C9-8AA2-EE8AF1040AFC}.Release|Any CPU.Build.0 = Release|Any CPU
	EndGlobalSection
	GlobalSection(SolutionProperties) = preSolution
		HideSolutionNode = FALSE
	EndGlobalSection
	GlobalSection(ExtensibilityGlobals) = postSolution
		SolutionGuid = {FBBD6514-C003-404F-BA45-18BE97E6980A}
	EndGlobalSection
EndGlobal
